
Microsoft Visual Studio Solution File, Format Version 12.00
# Visual Studio Version 16
VisualStudioVersion = 16.0.30406.217
MinimumVisualStudioVersion = 10.0.40219.1
Project("{FAE04EC0-301F-11D3-BF4B-00C04F79EFBC}") = "soba", "soba\soba.csproj", "{2647BDCF-F2B4-4302-80FB-980FEF68F170}"
EndProject
Global
	GlobalSection(SolutionConfigurationPlatforms) = preSolution
		Debug|Any CPU = Debug|Any CPU
		Release|Any CPU = Release|Any CPU
	EndGlobalSection
	GlobalSection(ProjectConfigurationPlatforms) = postSolution
		{2647BDCF-F2B4-4302-80FB-980FEF68F170}.Debug|Any CPU.ActiveCfg = Debug|Any CPU
		{2647BDCF-F2B4-4302-80FB-980FEF68F170}.Debug|Any CPU.Build.0 = Debug|Any CPU
		{2647BDCF-F2B4-4302-80FB-980FEF68F170}.Release|Any CPU.ActiveCfg = Release|Any CPU
		{2647BDCF-F2B4-4302-80FB-980FEF68F170}.Release|Any CPU.Build.0 = Release|Any CPU
	EndGlobalSection
	GlobalSection(SolutionProperties) = preSolution
		HideSolutionNode = FALSE
	EndGlobalSection
	GlobalSection(ExtensibilityGlobals) = postSolution
		SolutionGuid = {DD195BFC-0AD6-4A17-987F-5A98E97912DB}
	EndGlobalSection
EndGlobal
